dependencies:
- name: common
  repository: oci://registry-1.docker.io/bitnamicharts
  version: 2.22.0
- name: postgresql
  repository: oci://registry-1.docker.io/bitnamicharts
  version: 15.5.29
digest: sha256:ec8f290ccbc6e77fabe27d9ee88de56af456849f6495943b4dc58ce526c2c502
generated: "2024-09-12T21:45:43.621698-04:00"
